
Microsoft Visual Studio Solution File, Format Version 12.00
# Visual Studio 15
VisualStudioVersion = 15.0.26730.16
MinimumVisualStudioVersion = 10.0.40219.1
Project("{FAE04EC0-301F-11D3-BF4B-00C04F79EFBC}") = "RonoBot", "RonoBot\RonoBot.csproj", "{2FCF701C-3764-45DA-B578-4C11CFBFB737}"
EndProject
Global
	GlobalSection(SolutionConfigurationPlatforms) = preSolution
		Debug|Any CPU = Debug|Any CPU
		Release|Any CPU = Release|Any CPU
	EndGlobalSection
	GlobalSection(ProjectConfigurationPlatforms) = postSolution
		{2FCF701C-3764-45DA-B578-4C11CFBFB737}.Debug|Any CPU.ActiveCfg = Debug|Any CPU
		{2FCF701C-3764-45DA-B578-4C11CFBFB737}.Debug|Any CPU.Build.0 = Debug|Any CPU
		{2FCF701C-3764-45DA-B578-4C11CFBFB737}.Release|Any CPU.ActiveCfg = Release|Any CPU
		{2FCF701C-3764-45DA-B578-4C11CFBFB737}.Release|Any CPU.Build.0 = Release|Any CPU
	EndGlobalSection
	GlobalSection(SolutionProperties) = preSolution
		HideSolutionNode = FALSE
	EndGlobalSection
	GlobalSection(ExtensibilityGlobals) = postSolution
		SolutionGuid = {6A70CFE7-A88A-4ABD-AEE7-45656A0E9C5A}
	EndGlobalSection
EndGlobal
